
Microsoft Visual Studio Solution File, Format Version 12.00
# Visual Studio Version 16
VisualStudioVersion = 16.0.31624.102
MinimumVisualStudioVersion = 10.0.40219.1
Project("{2150E333-8FDC-42A3-9474-1A3956D46DE8}") = "Presentation", "Presentation", "{032A6907-FDFE-4BCA-8E6C-B418FB747056}"
EndProject
Project("{FAE04EC0-301F-11D3-BF4B-00C04F79EFBC}") = "ITDeveloperCursoAspNetCore.Presentation", "src\ITDeveloperCursoAspNetCore.Presentation\ITDeveloperCursoAspNetCore.Presentation.csproj", "{C33B2939-00F9-4838-950D-92DAD92B0B00}"
EndProject
Global
	GlobalSection(SolutionConfigurationPlatforms) = preSolution
		Debug|Any CPU = Debug|Any CPU
		Release|Any CPU = Release|Any CPU
	EndGlobalSection
	GlobalSection(ProjectConfigurationPlatforms) = postSolution
		{C33B2939-00F9-4838-950D-92DAD92B0B00}.Debug|Any CPU.ActiveCfg = Debug|Any CPU
		{C33B2939-00F9-4838-950D-92DAD92B0B00}.Debug|Any CPU.Build.0 = Debug|Any CPU
		{C33B2939-00F9-4838-950D-92DAD92B0B00}.Release|Any CPU.ActiveCfg = Release|Any CPU
		{C33B2939-00F9-4838-950D-92DAD92B0B00}.Release|Any CPU.Build.0 = Release|Any CPU
	EndGlobalSection
	GlobalSection(SolutionProperties) = preSolution
		HideSolutionNode = FALSE
	EndGlobalSection
	GlobalSection(NestedProjects) = preSolution
		{C33B2939-00F9-4838-950D-92DAD92B0B00} = {032A6907-FDFE-4BCA-8E6C-B418FB747056}
	EndGlobalSection
	GlobalSection(ExtensibilityGlobals) = postSolution
		SolutionGuid = {028D5C48-36E1-45E5-BBB6-231C6EF2BCBB}
	EndGlobalSection
EndGlobal
